// !$*UTF8*$!
{
	archiveVersion = 1;
	classes = {
	};
	objectVersion = 50;
	objects = {

/* Begin PBXBuildFile section */
		5B46295325B5E8590071A400 /* node.swift in Sources */ = {isa = PBXBuildFile; fileRef = 5B46295225B5E8590071A400 /* node.swift */; };
		5B46295725B5F5D70071A400 /* pointView.swift in Sources */ = {isa = PBXBuildFile; fileRef = 5B46295625B5F5D70071A400 /* pointView.swift */; };
		5B46297325B6107C0071A400 /* SolutionView.swift in Sources */ = {isa = PBXBuildFile; fileRef = 5B46297225B6107C0071A400 /* SolutionView.swift */; };
		5B4ECF3225A367BB00FA87E1 /* PVCApp.swift in Sources */ = {isa = PBXBuildFile; fileRef = 5B4ECF3125A367BB00FA87E1 /* PVCApp.swift */; };
		5B4ECF3425A367BB00FA87E1 /* ContentView.swift in Sources */ = {isa = PBXBuildFile; fileRef = 5B4ECF3325A367BB00FA87E1 /* ContentView.swift */; };
		5B4ECF3625A367C000FA87E1 /* Assets.xcassets in Resources */ = {isa = PBXBuildFile; fileRef = 5B4ECF3525A367C000FA87E1 /* Assets.xcassets */; };
		5B4ECF3925A367C000FA87E1 /* Preview Assets.xcassets in Resources */ = {isa = PBXBuildFile; fileRef = 5B4ECF3825A367C000FA87E1 /* Preview Assets.xcassets */; };
		5B4ECF4425A36CD000FA87E1 /* anneal.swift in Sources */ = {isa = PBXBuildFile; fileRef = 5B4ECF4325A36CD000FA87E1 /* anneal.swift */; };
/* End PBXBuildFile section */

/* Begin PBXFileReference section */
		5B46295225B5E8590071A400 /* node.swift */ = {isa = PBXFileReference; lastKnownFileType = sourcecode.swift; path = node.swift; sourceTree = "<group>"; };
		5B46295625B5F5D70071A400 /* pointView.swift */ = {isa = PBXFileReference; lastKnownFileType = sourcecode.swift; path = pointView.swift; sourceTree = "<group>"; };
		5B46297225B6107C0071A400 /* SolutionView.swift */ = {isa = PBXFileReference; lastKnownFileType = sourcecode.swift; path = SolutionView.swift; sourceTree = "<group>"; };
		5B4ECF2E25A367BB00FA87E1 /* PVC.app */ = {isa = PBXFileReference; explicitFileType = wrapper.application; includeInIndex = 0; path = PVC.app; sourceTree = BUILT_PRODUCTS_DIR; };
		5B4ECF3125A367BB00FA87E1 /* PVCApp.swift */ = {isa = PBXFileReference; lastKnownFileType = sourcecode.swift; path = PVCApp.swift; sourceTree = "<group>"; };
		5B4ECF3325A367BB00FA87E1 /* ContentView.swift */ = {isa = PBXFileReference; lastKnownFileType = sourcecode.swift; path = ContentView.swift; sourceTree = "<group>"; };
		5B4ECF3525A367C000FA87E1 /* Assets.xcassets */ = {isa = PBXFileReference; lastKnownFileType = folder.assetcatalog; path = Assets.xcassets; sourceTree = "<group>"; };
		5B4ECF3825A367C000FA87E1 /* Preview Assets.xcassets */ = {isa = PBXFileReference; lastKnownFileType = folder.assetcatalog; path = "Preview Assets.xcassets"; sourceTree = "<group>"; };
		5B4ECF3A25A367C000FA87E1 /* Info.plist */ = {isa = PBXFileReference; lastKnownFileType = text.plist.xml; path = Info.plist; sourceTree = "<group>"; };
		5B4ECF3B25A367C000FA87E1 /* PVC.entitlements */ = {isa = PBXFileReference; lastKnownFileType = text.plist.entitlements; path = PVC.entitlements; sourceTree = "<group>"; };
		5B4ECF4325A36CD000FA87E1 /* anneal.swift */ = {isa = PBXFileReference; lastKnownFileType = sourcecode.swift; path = anneal.swift; sourceTree = "<group>"; };
/* End PBXFileReference section */

/* Begin PBXFrameworksBuildPhase section */
		5B4ECF2B25A367BB00FA87E1 /* Frameworks */ = {
			isa = PBXFrameworksBuildPhase;
			buildActionMask = 2147483647;
			files = (
			);
			runOnlyForDeploymentPostprocessing = 0;
		};
/* End PBXFrameworksBuildPhase section */

/* Begin PBXGroup section */
		5B4ECF2525A367BB00FA87E1 = {
			isa = PBXGroup;
			children = (
				5B4ECF3025A367BB00FA87E1 /* PVC */,
				5B4ECF2F25A367BB00FA87E1 /* Products */,
			);
			sourceTree = "<group>";
		};
		5B4ECF2F25A367BB00FA87E1 /* Products */ = {
			isa = PBXGroup;
			children = (
				5B4ECF2E25A367BB00FA87E1 /* PVC.app */,
			);
			name = Products;
			sourceTree = "<group>";
		};
		5B4ECF3025A367BB00FA87E1 /* PVC */ = {
			isa = PBXGroup;
			children = (
				5B4ECF4225A36CB700FA87E1 /* Models */,
				5B4ECF3125A367BB00FA87E1 /* PVCApp.swift */,
				5B4ECF3325A367BB00FA87E1 /* ContentView.swift */,
				5B4ECF3525A367C000FA87E1 /* Assets.xcassets */,
				5B4ECF3A25A367C000FA87E1 /* Info.plist */,
				5B4ECF3B25A367C000FA87E1 /* PVC.entitlements */,
				5B4ECF3725A367C000FA87E1 /* Preview Content */,
				5B46295625B5F5D70071A400 /* pointView.swift */,
				5B46297225B6107C0071A400 /* SolutionView.swift */,
			);
			path = PVC;
			sourceTree = "<group>";
		};
		5B4ECF3725A367C000FA87E1 /* Preview Content */ = {
			isa = PBXGroup;
			children = (
				5B4ECF3825A367C000FA87E1 /* Preview Assets.xcassets */,
			);
			path = "Preview Content";
			sourceTree = "<group>";
		};
		5B4ECF4225A36CB700FA87E1 /* Models */ = {
			isa = PBXGroup;
			children = (
				5B4ECF4325A36CD000FA87E1 /* anneal.swift */,
				5B46295225B5E8590071A400 /* node.swift */,
			);
			path = Models;
			sourceTree = "<group>";
		};
/* End PBXGroup section */

/* Begin PBXNativeTarget section */
		5B4ECF2D25A367BB00FA87E1 /* PVC */ = {
			isa = PBXNativeTarget;
			buildConfigurationList = 5B4ECF3E25A367C000FA87E1 /* Build configuration list for PBXNativeTarget "PVC" */;
			buildPhases = (
				5B4ECF2A25A367BB00FA87E1 /* Sources */,
				5B4ECF2B25A367BB00FA87E1 /* Frameworks */,
				5B4ECF2C25A367BB00FA87E1 /* Resources */,
			);
			buildRules = (
			);
			dependencies = (
			);
			name = PVC;
			productName = PVC;
			productReference = 5B4ECF2E25A367BB00FA87E1 /* PVC.app */;
			productType = "com.apple.product-type.application";
		};
/* End PBXNativeTarget section */

/* Begin PBXProject section */
		5B4ECF2625A367BB00FA87E1 /* Project object */ = {
			isa = PBXProject;
			attributes = {
				LastSwiftUpdateCheck = 1230;
				LastUpgradeCheck = 1230;
				TargetAttributes = {
					5B4ECF2D25A367BB00FA87E1 = {
						CreatedOnToolsVersion = 12.3;
					};
				};
			};
			buildConfigurationList = 5B4ECF2925A367BB00FA87E1 /* Build configuration list for PBXProject "PVC" */;
			compatibilityVersion = "Xcode 9.3";
			developmentRegion = en;
			hasScannedForEncodings = 0;
			knownRegions = (
				en,
				Base,
			);
			mainGroup = 5B4ECF2525A367BB00FA87E1;
			productRefGroup = 5B4ECF2F25A367BB00FA87E1 /* Products */;
			projectDirPath = "";
			projectRoot = "";
			targets = (
				5B4ECF2D25A367BB00FA87E1 /* PVC */,
			);
		};
/* End PBXProject section */

/* Begin PBXResourcesBuildPhase section */
		5B4ECF2C25A367BB00FA87E1 /* Resources */ = {
			isa = PBXResourcesBuildPhase;
			buildActionMask = 2147483647;
			files = (
				5B4ECF3925A367C000FA87E1 /* Preview Assets.xcassets in Resources */,
				5B4ECF3625A367C000FA87E1 /* Assets.xcassets in Resources */,
			);
			runOnlyForDeploymentPostprocessing = 0;
		};
/* End PBXResourcesBuildPhase section */

/* Begin PBXSourcesBuildPhase section */
		5B4ECF2A25A367BB00FA87E1 /* Sources */ = {
			isa = PBXSourcesBuildPhase;
			buildActionMask = 2147483647;
			files = (
				5B4ECF4425A36CD000FA87E1 /* anneal.swift in Sources */,
				5B46297325B6107C0071A400 /* SolutionView.swift in Sources */,
				5B46295325B5E8590071A400 /* node.swift in Sources */,
				5B46295725B5F5D70071A400 /* pointView.swift in Sources */,
				5B4ECF3425A367BB00FA87E1 /* ContentView.swift in Sources */,
				5B4ECF3225A367BB00FA87E1 /* PVCApp.swift in Sources */,
			);
			runOnlyForDeploymentPostprocessing = 0;
		};
/* End PBXSourcesBuildPhase section */

/* Begin XCBuildConfiguration section */
		5B4ECF3C25A367C000FA87E1 /* Debug */ = {
			isa = XCBuildConfiguration;
			buildSettings = {
				ALWAYS_SEARCH_USER_PATHS = NO;
				CLANG_ANALYZER_NONNULL = YES;
				CLANG_ANALYZER_NUMBER_OBJECT_CONVERSION = YES_AGGRESSIVE;
				CLANG_CXX_LANGUAGE_STANDARD = "gnu++14";
				CLANG_CXX_LIBRARY = "libc++";
				CLANG_ENABLE_MODULES = YES;
				CLANG_ENABLE_OBJC_ARC = YES;
				CLANG_ENABLE_OBJC_WEAK = YES;
				CLANG_WARN_BLOCK_CAPTURE_AUTORELEASING = YES;
				CLANG_WARN_BOOL_CONVERSION = YES;
				CLANG_WARN_COMMA = YES;
				CLANG_WARN_CONSTANT_CONVERSION = YES;
				CLANG_WARN_DEPRECATED_OBJC_IMPLEMENTATIONS = YES;
				CLANG_WARN_DIRECT_OBJC_ISA_USAGE = YES_ERROR;
				CLANG_WARN_DOCUMENTATION_COMMENTS = YES;
				CLANG_WARN_EMPTY_BODY = YES;
				CLANG_WARN_ENUM_CONVERSION = YES;
				CLANG_WARN_INFINITE_RECURSION = YES;
				CLANG_WARN_INT_CONVERSION = YES;
				CLANG_WARN_NON_LITERAL_NULL_CONVERSION = YES;
				CLANG_WARN_OBJC_IMPLICIT_RETAIN_SELF = YES;
				CLANG_WARN_OBJC_LITERAL_CONVERSION = YES;
				CLANG_WARN_OBJC_ROOT_CLASS = YES_ERROR;
				CLANG_WARN_QUOTED_INCLUDE_IN_FRAMEWORK_HEADER = YES;
				CLANG_WARN_RANGE_LOOP_ANALYSIS = YES;
				CLANG_WARN_STRICT_PROTOTYPES = YES;
				CLANG_WARN_SUSPICIOUS_MOVE = YES;
				CLANG_WARN_UNGUARDED_AVAILABILITY = YES_AGGRESSIVE;
				CLANG_WARN_UNREACHABLE_CODE = YES;
				CLANG_WARN__DUPLICATE_METHOD_MATCH = YES;
				COPY_PHASE_STRIP = NO;
				DEBUG_INFORMATION_FORMAT = dwarf;
				ENABLE_STRICT_OBJC_MSGSEND = YES;
				ENABLE_TESTABILITY = YES;
				GCC_C_LANGUAGE_STANDARD = gnu11;
				GCC_DYNAMIC_NO_PIC = NO;
				GCC_NO_COMMON_BLOCKS = YES;
				GCC_OPTIMIZATION_LEVEL = 0;
				GCC_PREPROCESSOR_DEFINITIONS = (
					"DEBUG=1",
					"$(inherited)",
				);
				GCC_WARN_64_TO_32_BIT_CONVERSION = YES;
				GCC_WARN_ABOUT_RETURN_TYPE = YES_ERROR;
				GCC_WARN_UNDECLARED_SELECTOR = YES;
				GCC_WARN_UNINITIALIZED_AUTOS = YES_AGGRESSIVE;
				GCC_WARN_UNUSED_FUNCTION = YES;
				GCC_WARN_UNUSED_VARIABLE = YES;
				MACOSX_DEPLOYMENT_TARGET = 11.1;
				MTL_ENABLE_DEBUG_INFO = INCLUDE_SOURCE;
				MTL_FAST_MATH = YES;
				ONLY_ACTIVE_ARCH = YES;
				SDKROOT = macosx;
				SWIFT_ACTIVE_COMPILATION_CONDITIONS = DEBUG;
				SWIFT_OPTIMIZATION_LEVEL = "-Onone";
			};
			name = Debug;
		};
		5B4ECF3D25A367C000FA87E1 /* Release */ = {
			isa = XCBuildConfiguration;
			buildSettings = {
				ALWAYS_SEARCH_USER_PATHS = NO;
				CLANG_ANALYZER_NONNULL = YES;
				CLANG_ANALYZER_NUMBER_OBJECT_CONVERSION = YES_AGGRESSIVE;
				CLANG_CXX_LANGUAGE_STANDARD = "gnu++14";
				CLANG_CXX_LIBRARY = "libc++";
				CLANG_ENABLE_MODULES = YES;
				CLANG_ENABLE_OBJC_ARC = YES;
				CLANG_ENABLE_OBJC_WEAK = YES;
				CLANG_WARN_BLOCK_CAPTURE_AUTORELEASING = YES;
				CLANG_WARN_BOOL_CONVERSION = YES;
				CLANG_WARN_COMMA = YES;
				CLANG_WARN_CONSTANT_CONVERSION = YES;
				CLANG_WARN_DEPRECATED_OBJC_IMPLEMENTATIONS = YES;
				CLANG_WARN_DIRECT_OBJC_ISA_USAGE = YES_ERROR;
				CLANG_WARN_DOCUMENTATION_COMMENTS = YES;
				CLANG_WARN_EMPTY_BODY = YES;
				CLANG_WARN_ENUM_CONVERSION = YES;
				CLANG_WARN_INFINITE_RECURSION = YES;
				CLANG_WARN_INT_CONVERSION = YES;
				CLANG_WARN_NON_LITERAL_NULL_CONVERSION = YES;
				CLANG_WARN_OBJC_IMPLICIT_RETAIN_SELF = YES;
				CLANG_WARN_OBJC_LITERAL_CONVERSION = YES;
				CLANG_WARN_OBJC_ROOT_CLASS = YES_ERROR;
				CLANG_WARN_QUOTED_INCLUDE_IN_FRAMEWORK_HEADER = YES;
				CLANG_WARN_RANGE_LOOP_ANALYSIS = YES;
				CLANG_WARN_STRICT_PROTOTYPES = YES;
				CLANG_WARN_SUSPICIOUS_MOVE = YES;
				CLANG_WARN_UNGUARDED_AVAILABILITY = YES_AGGRESSIVE;
				CLANG_WARN_UNREACHABLE_CODE = YES;
				CLANG_WARN__DUPLICATE_METHOD_MATCH = YES;
				COPY_PHASE_STRIP = NO;
				DEBUG_INFORMATION_FORMAT = "dwarf-with-dsym";
				ENABLE_NS_ASSERTIONS = NO;
				ENABLE_STRICT_OBJC_MSGSEND = YES;
				GCC_C_LANGUAGE_STANDARD = gnu11;
				GCC_NO_COMMON_BLOCKS = YES;
				GCC_WARN_64_TO_32_BIT_CONVERSION = YES;
				GCC_WARN_ABOUT_RETURN_TYPE = YES_ERROR;
				GCC_WARN_UNDECLARED_SELECTOR = YES;
				GCC_WARN_UNINITIALIZED_AUTOS = YES_AGGRESSIVE;
				GCC_WARN_UNUSED_FUNCTION = YES;
				GCC_WARN_UNUSED_VARIABLE = YES;
				MACOSX_DEPLOYMENT_TARGET = 11.1;
				MTL_ENABLE_DEBUG_INFO = NO;
				MTL_FAST_MATH = YES;
				SDKROOT = macosx;
				SWIFT_COMPILATION_MODE = wholemodule;
				SWIFT_OPTIMIZATION_LEVEL = "-O";
			};
			name = Release;
		};
		5B4ECF3F25A367C000FA87E1 /* Debug */ = {
			isa = XCBuildConfiguration;
			buildSettings = {
				ASSETCATALOG_COMPILER_APPICON_NAME = AppIcon;
				ASSETCATALOG_COMPILER_GLOBAL_ACCENT_COLOR_NAME = AccentColor;
				CODE_SIGN_ENTITLEMENTS = PVC/PVC.entitlements;
				CODE_SIGN_STYLE = Automatic;
				COMBINE_HIDPI_IMAGES = YES;
				DEVELOPMENT_ASSET_PATHS = "\"PVC/Preview Content\"";
				DEVELOPMENT_TEAM = 5P2FR5PR26;
				ENABLE_HARDENED_RUNTIME = YES;
				ENABLE_PREVIEWS = YES;
				INFOPLIST_FILE = PVC/Info.plist;
				LD_RUNPATH_SEARCH_PATHS = (
					"$(inherited)",
					"@executable_path/../Frameworks",
				);
				MACOSX_DEPLOYMENT_TARGET = 11.0;
				PRODUCT_BUNDLE_IDENTIFIER = martinvoigt.PVC;
				PRODUCT_NAME = "$(TARGET_NAME)";
				SWIFT_VERSION = 5.0;
			};
			name = Debug;
		};
		5B4ECF4025A367C000FA87E1 /* Release */ = {
			isa = XCBuildConfiguration;
			buildSettings = {
				ASSETCATALOG_COMPILER_APPICON_NAME = AppIcon;
				ASSETCATALOG_COMPILER_GLOBAL_ACCENT_COLOR_NAME = AccentColor;
				CODE_SIGN_ENTITLEMENTS = PVC/PVC.entitlements;
				CODE_SIGN_STYLE = Automatic;
				COMBINE_HIDPI_IMAGES = YES;
				DEVELOPMENT_ASSET_PATHS = "\"PVC/Preview Content\"";
				DEVELOPMENT_TEAM = 5P2FR5PR26;
				ENABLE_HARDENED_RUNTIME = YES;
				ENABLE_PREVIEWS = YES;
				INFOPLIST_FILE = PVC/Info.plist;
				LD_RUNPATH_SEARCH_PATHS = (
					"$(inherited)",
					"@executable_path/../Frameworks",
				);
				MACOSX_DEPLOYMENT_TARGET = 11.0;
				PRODUCT_BUNDLE_IDENTIFIER = martinvoigt.PVC;
				PRODUCT_NAME = "$(TARGET_NAME)";
				SWIFT_VERSION = 5.0;
			};
			name = Release;
		};
/* End XCBuildConfiguration section */

/* Begin XCConfigurationList section */
		5B4ECF2925A367BB00FA87E1 /* Build configuration list for PBXProject "PVC" */ = {
			isa = XCConfigurationList;
			buildConfigurations = (
				5B4ECF3C25A367C000FA87E1 /* Debug */,
				5B4ECF3D25A367C000FA87E1 /* Release */,
			);
			defaultConfigurationIsVisible = 0;
			defaultConfigurationName = Release;
		};
		5B4ECF3E25A367C000FA87E1 /* Build configuration list for PBXNativeTarget "PVC" */ = {
			isa = XCConfigurationList;
			buildConfigurations = (
				5B4ECF3F25A367C000FA87E1 /* Debug */,
				5B4ECF4025A367C000FA87E1 /* Release */,
			);
			defaultConfigurationIsVisible = 0;
			defaultConfigurationName = Release;
		};
/* End XCConfigurationList section */
	};
	rootObject = 5B4ECF2625A367BB00FA87E1 /* Project object */;
}
